
Microsoft Visual Studio Solution File, Format Version 12.00
# Visual Studio Version 17
VisualStudioVersion = 17.7.34221.43
MinimumVisualStudioVersion = 10.0.40219.1
Project("{FAE04EC0-301F-11D3-BF4B-00C04F79EFBC}") = "SupplierManagement.API", "SupplierManagement.API\SupplierManagement.API.csproj", "{802F20C8-F90A-42EA-A850-652B955F1A9D}"
EndProject
Project("{FAE04EC0-301F-11D3-BF4B-00C04F79EFBC}") = "SupplierManagement.Data", "SupplierManagement.Data\SupplierManagement.Data.csproj", "{FBC3EB4B-6145-401F-BEDB-C5F9FD3F43D8}"
EndProject
Global
	GlobalSection(SolutionConfigurationPlatforms) = preSolution
		Debug|Any CPU = Debug|Any CPU
		Release|Any CPU = Release|Any CPU
	EndGlobalSection
	GlobalSection(ProjectConfigurationPlatforms) = postSolution
		{802F20C8-F90A-42EA-A850-652B955F1A9D}.Debug|Any CPU.ActiveCfg = Debug|Any CPU
		{802F20C8-F90A-42EA-A850-652B955F1A9D}.Debug|Any CPU.Build.0 = Debug|Any CPU
		{802F20C8-F90A-42EA-A850-652B955F1A9D}.Release|Any CPU.ActiveCfg = Release|Any CPU
		{802F20C8-F90A-42EA-A850-652B955F1A9D}.Release|Any CPU.Build.0 = Release|Any CPU
		{FBC3EB4B-6145-401F-BEDB-C5F9FD3F43D8}.Debug|Any CPU.ActiveCfg = Debug|Any CPU
		{FBC3EB4B-6145-401F-BEDB-C5F9FD3F43D8}.Debug|Any CPU.Build.0 = Debug|Any CPU
		{FBC3EB4B-6145-401F-BEDB-C5F9FD3F43D8}.Release|Any CPU.ActiveCfg = Release|Any CPU
		{FBC3EB4B-6145-401F-BEDB-C5F9FD3F43D8}.Release|Any CPU.Build.0 = Release|Any CPU
	EndGlobalSection
	GlobalSection(SolutionProperties) = preSolution
		HideSolutionNode = FALSE
	EndGlobalSection
	GlobalSection(ExtensibilityGlobals) = postSolution
		SolutionGuid = {B81DDC7E-AEA5-45FC-8330-415488EAFC59}
	EndGlobalSection
EndGlobal
